
Microsoft Visual Studio Solution File, Format Version 12.00
# Visual Studio Version 16
VisualStudioVersion = 16.0.31410.357
MinimumVisualStudioVersion = 10.0.40219.1
Project("{9A19103F-16F7-4668-BE54-9A1E7A4F7556}") = "TypographyView", "TypographyView\TypographyView.csproj", "{C23BB602-16BA-4678-8609-B5F6B9C70FC1}"
EndProject
Project("{9A19103F-16F7-4668-BE54-9A1E7A4F7556}") = "TypographyContracts", "TypographyContracts\TypographyContracts.csproj", "{2FCE1359-9CBC-4918-B501-1CB7BC9D5E13}"
EndProject
Project("{9A19103F-16F7-4668-BE54-9A1E7A4F7556}") = "TypographyBusinessLogic", "TypographyBusinessLogic\TypographyBusinessLogic.csproj", "{C18CC493-B04C-4D14-B1BF-DEC9E2EA4031}"
EndProject
Project("{9A19103F-16F7-4668-BE54-9A1E7A4F7556}") = "TypographyListImplement", "TypographyListImplement\TypographyListImplement.csproj", "{BA05416B-A85C-49EB-B278-F3E0493FABEA}"
EndProject
Project("{9A19103F-16F7-4668-BE54-9A1E7A4F7556}") = "TypographyFileImplement", "TypographyFileImplement\TypographyFileImplement.csproj", "{EC54A5EE-A9C0-4FFB-8E4E-2D125FC9E460}"
EndProject
Project("{9A19103F-16F7-4668-BE54-9A1E7A4F7556}") = "TypographyDatabaseImplement", "TypographyDatabaseImplement\TypographyDatabaseImplement.csproj", "{3EF67614-1EDB-4912-A39E-AF5008FB696B}"
EndProject
Project("{9A19103F-16F7-4668-BE54-9A1E7A4F7556}") = "TypographyRestApi", "TypographyRestApi\TypographyRestApi.csproj", "{13566957-A12F-45A2-B92B-08B6A31A87EC}"
EndProject
Project("{9A19103F-16F7-4668-BE54-9A1E7A4F7556}") = "TypographyClientApp", "TypographyClientApp\TypographyClientApp.csproj", "{7881B163-5F6F-4635-BE6F-491CDB18D4CE}"
EndProject
Project("{FAE04EC0-301F-11D3-BF4B-00C04F79EFBC}") = "TypographyWarehouseApp", "TypographyWarehouseApp\TypographyWarehouseApp.csproj", "{78FFEF1D-2AF7-4341-BC4A-50DE65007DED}"
EndProject
Global
	GlobalSection(SolutionConfigurationPlatforms) = preSolution
		Debug|Any CPU = Debug|Any CPU
		Release|Any CPU = Release|Any CPU
	EndGlobalSection
	GlobalSection(ProjectConfigurationPlatforms) = postSolution
		{C23BB602-16BA-4678-8609-B5F6B9C70FC1}.Debug|Any CPU.ActiveCfg = Debug|Any CPU
		{C23BB602-16BA-4678-8609-B5F6B9C70FC1}.Debug|Any CPU.Build.0 = Debug|Any CPU
		{C23BB602-16BA-4678-8609-B5F6B9C70FC1}.Release|Any CPU.ActiveCfg = Release|Any CPU
		{C23BB602-16BA-4678-8609-B5F6B9C70FC1}.Release|Any CPU.Build.0 = Release|Any CPU
		{2FCE1359-9CBC-4918-B501-1CB7BC9D5E13}.Debug|Any CPU.ActiveCfg = Debug|Any CPU
		{2FCE1359-9CBC-4918-B501-1CB7BC9D5E13}.Debug|Any CPU.Build.0 = Debug|Any CPU
		{2FCE1359-9CBC-4918-B501-1CB7BC9D5E13}.Release|Any CPU.ActiveCfg = Release|Any CPU
		{2FCE1359-9CBC-4918-B501-1CB7BC9D5E13}.Release|Any CPU.Build.0 = Release|Any CPU
		{C18CC493-B04C-4D14-B1BF-DEC9E2EA4031}.Debug|Any CPU.ActiveCfg = Debug|Any CPU
		{C18CC493-B04C-4D14-B1BF-DEC9E2EA4031}.Debug|Any CPU.Build.0 = Debug|Any CPU
		{C18CC493-B04C-4D14-B1BF-DEC9E2EA4031}.Release|Any CPU.ActiveCfg = Release|Any CPU
		{C18CC493-B04C-4D14-B1BF-DEC9E2EA4031}.Release|Any CPU.Build.0 = Release|Any CPU
		{BA05416B-A85C-49EB-B278-F3E0493FABEA}.Debug|Any CPU.ActiveCfg = Debug|Any CPU
		{BA05416B-A85C-49EB-B278-F3E0493FABEA}.Debug|Any CPU.Build.0 = Debug|Any CPU
		{BA05416B-A85C-49EB-B278-F3E0493FABEA}.Release|Any CPU.ActiveCfg = Release|Any CPU
		{BA05416B-A85C-49EB-B278-F3E0493FABEA}.Release|Any CPU.Build.0 = Release|Any CPU
		{EC54A5EE-A9C0-4FFB-8E4E-2D125FC9E460}.Debug|Any CPU.ActiveCfg = Debug|Any CPU
		{EC54A5EE-A9C0-4FFB-8E4E-2D125FC9E460}.Debug|Any CPU.Build.0 = Debug|Any CPU
		{EC54A5EE-A9C0-4FFB-8E4E-2D125FC9E460}.Release|Any CPU.ActiveCfg = Release|Any CPU
		{EC54A5EE-A9C0-4FFB-8E4E-2D125FC9E460}.Release|Any CPU.Build.0 = Release|Any CPU
		{3EF67614-1EDB-4912-A39E-AF5008FB696B}.Debug|Any CPU.ActiveCfg = Debug|Any CPU
		{3EF67614-1EDB-4912-A39E-AF5008FB696B}.Debug|Any CPU.Build.0 = Debug|Any CPU
		{3EF67614-1EDB-4912-A39E-AF5008FB696B}.Release|Any CPU.ActiveCfg = Release|Any CPU
		{3EF67614-1EDB-4912-A39E-AF5008FB696B}.Release|Any CPU.Build.0 = Release|Any CPU
		{13566957-A12F-45A2-B92B-08B6A31A87EC}.Debug|Any CPU.ActiveCfg = Debug|Any CPU
		{13566957-A12F-45A2-B92B-08B6A31A87EC}.Debug|Any CPU.Build.0 = Debug|Any CPU
		{13566957-A12F-45A2-B92B-08B6A31A87EC}.Release|Any CPU.ActiveCfg = Release|Any CPU
		{13566957-A12F-45A2-B92B-08B6A31A87EC}.Release|Any CPU.Build.0 = Release|Any CPU
		{7881B163-5F6F-4635-BE6F-491CDB18D4CE}.Debug|Any CPU.ActiveCfg = Debug|Any CPU
		{7881B163-5F6F-4635-BE6F-491CDB18D4CE}.Debug|Any CPU.Build.0 = Debug|Any CPU
		{7881B163-5F6F-4635-BE6F-491CDB18D4CE}.Release|Any CPU.ActiveCfg = Release|Any CPU
		{7881B163-5F6F-4635-BE6F-491CDB18D4CE}.Release|Any CPU.Build.0 = Release|Any CPU
		{78FFEF1D-2AF7-4341-BC4A-50DE65007DED}.Debug|Any CPU.ActiveCfg = Debug|Any CPU
		{78FFEF1D-2AF7-4341-BC4A-50DE65007DED}.Debug|Any CPU.Build.0 = Debug|Any CPU
		{78FFEF1D-2AF7-4341-BC4A-50DE65007DED}.Release|Any CPU.ActiveCfg = Release|Any CPU
		{78FFEF1D-2AF7-4341-BC4A-50DE65007DED}.Release|Any CPU.Build.0 = Release|Any CPU
	EndGlobalSection
	GlobalSection(SolutionProperties) = preSolution
		HideSolutionNode = FALSE
	EndGlobalSection
	GlobalSection(ExtensibilityGlobals) = postSolution
		SolutionGuid = {58174AC7-DD5A-480C-B6D1-6B87550614AA}
	EndGlobalSection
EndGlobal
